
Microsoft Visual Studio Solution File, Format Version 12.00
# Visual Studio Version 17
VisualStudioVersion = 17.13.35931.197
MinimumVisualStudioVersion = 10.0.40219.1
Project("{2150E333-8FDC-42A3-9474-1A3956D46DE8}") = "Backend_Api", "Backend_Api", "{02EA681E-C7D8-13C7-8484-4AC65E1B71E8}"
EndProject
Project("{2150E333-8FDC-42A3-9474-1A3956D46DE8}") = "Frontend_React", "Frontend_React", "{26C5AD9B-61F9-4A2D-8811-3789E1C8149D}"
EndProject
Project("{FAE04EC0-301F-11D3-BF4B-00C04F79EFBC}") = "Domain", "Domain\Domain.csproj", "{758CE9B8-08E1-4984-A65D-92A7C21057CF}"
EndProject
Project("{FAE04EC0-301F-11D3-BF4B-00C04F79EFBC}") = "Application", "Application\Application.csproj", "{448D4A76-0424-46FF-86A5-1C7D04173FB0}"
EndProject
Project("{FAE04EC0-301F-11D3-BF4B-00C04F79EFBC}") = "Infrastructure", "Infrastructure\Infrastructure.csproj", "{6917529E-9AC7-4B20-9AD2-C80450CBD02E}"
EndProject
Project("{FAE04EC0-301F-11D3-BF4B-00C04F79EFBC}") = "Crud_API", "Crud_API\Crud_API.csproj", "{77F8DC36-7AEB-49C6-A910-65D1009FC6E9}"
EndProject
Project("{FAE04EC0-301F-11D3-BF4B-00C04F79EFBC}") = "Persistence", "Persistence\Persistence.csproj", "{C41DAE7E-2269-4DE2-AA9E-1A0E32608AC4}"
EndProject
Project("{54A90642-561A-4BB1-A94E-469ADEE60C69}") = "ui", "UI\ui.esproj", "{C62CF7B0-6508-E46D-FCE1-092C622FC55C}"
EndProject
Project("{FAE04EC0-301F-11D3-BF4B-00C04F79EFBC}") = "Swapi.UnitTests", "Swapi.UnitTests\Swapi.UnitTests.csproj", "{1B853573-9CDF-43D9-B9E4-49E8317E3E04}"
EndProject
Global
	GlobalSection(SolutionConfigurationPlatforms) = preSolution
		Debug|Any CPU = Debug|Any CPU
		Release|Any CPU = Release|Any CPU
	EndGlobalSection
	GlobalSection(ProjectConfigurationPlatforms) = postSolution
		{758CE9B8-08E1-4984-A65D-92A7C21057CF}.Debug|Any CPU.ActiveCfg = Debug|Any CPU
		{758CE9B8-08E1-4984-A65D-92A7C21057CF}.Debug|Any CPU.Build.0 = Debug|Any CPU
		{758CE9B8-08E1-4984-A65D-92A7C21057CF}.Release|Any CPU.ActiveCfg = Release|Any CPU
		{758CE9B8-08E1-4984-A65D-92A7C21057CF}.Release|Any CPU.Build.0 = Release|Any CPU
		{448D4A76-0424-46FF-86A5-1C7D04173FB0}.Debug|Any CPU.ActiveCfg = Debug|Any CPU
		{448D4A76-0424-46FF-86A5-1C7D04173FB0}.Debug|Any CPU.Build.0 = Debug|Any CPU
		{448D4A76-0424-46FF-86A5-1C7D04173FB0}.Release|Any CPU.ActiveCfg = Release|Any CPU
		{448D4A76-0424-46FF-86A5-1C7D04173FB0}.Release|Any CPU.Build.0 = Release|Any CPU
		{6917529E-9AC7-4B20-9AD2-C80450CBD02E}.Debug|Any CPU.ActiveCfg = Debug|Any CPU
		{6917529E-9AC7-4B20-9AD2-C80450CBD02E}.Debug|Any CPU.Build.0 = Debug|Any CPU
		{6917529E-9AC7-4B20-9AD2-C80450CBD02E}.Release|Any CPU.ActiveCfg = Release|Any CPU
		{6917529E-9AC7-4B20-9AD2-C80450CBD02E}.Release|Any CPU.Build.0 = Release|Any CPU
		{77F8DC36-7AEB-49C6-A910-65D1009FC6E9}.Debug|Any CPU.ActiveCfg = Debug|Any CPU
		{77F8DC36-7AEB-49C6-A910-65D1009FC6E9}.Debug|Any CPU.Build.0 = Debug|Any CPU
		{77F8DC36-7AEB-49C6-A910-65D1009FC6E9}.Release|Any CPU.ActiveCfg = Release|Any CPU
		{77F8DC36-7AEB-49C6-A910-65D1009FC6E9}.Release|Any CPU.Build.0 = Release|Any CPU
		{C41DAE7E-2269-4DE2-AA9E-1A0E32608AC4}.Debug|Any CPU.ActiveCfg = Debug|Any CPU
		{C41DAE7E-2269-4DE2-AA9E-1A0E32608AC4}.Debug|Any CPU.Build.0 = Debug|Any CPU
		{C41DAE7E-2269-4DE2-AA9E-1A0E32608AC4}.Release|Any CPU.ActiveCfg = Release|Any CPU
		{C41DAE7E-2269-4DE2-AA9E-1A0E32608AC4}.Release|Any CPU.Build.0 = Release|Any CPU
		{C62CF7B0-6508-E46D-FCE1-092C622FC55C}.Debug|Any CPU.ActiveCfg = Debug|Any CPU
		{C62CF7B0-6508-E46D-FCE1-092C622FC55C}.Debug|Any CPU.Build.0 = Debug|Any CPU
		{C62CF7B0-6508-E46D-FCE1-092C622FC55C}.Debug|Any CPU.Deploy.0 = Debug|Any CPU
		{C62CF7B0-6508-E46D-FCE1-092C622FC55C}.Release|Any CPU.ActiveCfg = Release|Any CPU
		{C62CF7B0-6508-E46D-FCE1-092C622FC55C}.Release|Any CPU.Build.0 = Release|Any CPU
		{C62CF7B0-6508-E46D-FCE1-092C622FC55C}.Release|Any CPU.Deploy.0 = Release|Any CPU
		{1B853573-9CDF-43D9-B9E4-49E8317E3E04}.Debug|Any CPU.ActiveCfg = Debug|Any CPU
		{1B853573-9CDF-43D9-B9E4-49E8317E3E04}.Debug|Any CPU.Build.0 = Debug|Any CPU
		{1B853573-9CDF-43D9-B9E4-49E8317E3E04}.Release|Any CPU.ActiveCfg = Release|Any CPU
		{1B853573-9CDF-43D9-B9E4-49E8317E3E04}.Release|Any CPU.Build.0 = Release|Any CPU
	EndGlobalSection
	GlobalSection(SolutionProperties) = preSolution
		HideSolutionNode = FALSE
	EndGlobalSection
	GlobalSection(NestedProjects) = preSolution
		{758CE9B8-08E1-4984-A65D-92A7C21057CF} = {02EA681E-C7D8-13C7-8484-4AC65E1B71E8}
		{448D4A76-0424-46FF-86A5-1C7D04173FB0} = {02EA681E-C7D8-13C7-8484-4AC65E1B71E8}
		{6917529E-9AC7-4B20-9AD2-C80450CBD02E} = {02EA681E-C7D8-13C7-8484-4AC65E1B71E8}
		{77F8DC36-7AEB-49C6-A910-65D1009FC6E9} = {02EA681E-C7D8-13C7-8484-4AC65E1B71E8}
		{C41DAE7E-2269-4DE2-AA9E-1A0E32608AC4} = {02EA681E-C7D8-13C7-8484-4AC65E1B71E8}
		{C62CF7B0-6508-E46D-FCE1-092C622FC55C} = {26C5AD9B-61F9-4A2D-8811-3789E1C8149D}
		{1B853573-9CDF-43D9-B9E4-49E8317E3E04} = {02EA681E-C7D8-13C7-8484-4AC65E1B71E8}
	EndGlobalSection
	GlobalSection(ExtensibilityGlobals) = postSolution
		SolutionGuid = {1FD066B6-6DCB-4A11-90AE-3E9CC5EA74A5}
	EndGlobalSection
EndGlobal
